
Microsoft Visual Studio Solution File, Format Version 12.00
# Visual Studio Version 17
VisualStudioVersion = 17.4.33213.308
MinimumVisualStudioVersion = 10.0.40219.1
Project("{FAE04EC0-301F-11D3-BF4B-00C04F79EFBC}") = "Lesson05", "Lesson05\Lesson05.csproj", "{F2BCD11D-289C-4877-B646-394B4DA1389C}"
EndProject
Global
	GlobalSection(SolutionConfigurationPlatforms) = preSolution
		Debug|Any CPU = Debug|Any CPU
		Release|Any CPU = Release|Any CPU
	EndGlobalSection
	GlobalSection(ProjectConfigurationPlatforms) = postSolution
		{F2BCD11D-289C-4877-B646-394B4DA1389C}.Debug|Any CPU.ActiveCfg = Debug|Any CPU
		{F2BCD11D-289C-4877-B646-394B4DA1389C}.Debug|Any CPU.Build.0 = Debug|Any CPU
		{F2BCD11D-289C-4877-B646-394B4DA1389C}.Release|Any CPU.ActiveCfg = Release|Any CPU
		{F2BCD11D-289C-4877-B646-394B4DA1389C}.Release|Any CPU.Build.0 = Release|Any CPU
	EndGlobalSection
	GlobalSection(SolutionProperties) = preSolution
		HideSolutionNode = FALSE
	EndGlobalSection
	GlobalSection(ExtensibilityGlobals) = postSolution
		SolutionGuid = {A08DB2EF-8F00-4F26-8A11-95F70355EE30}
	EndGlobalSection
EndGlobal
