
Microsoft Visual Studio Solution File, Format Version 12.00
# Visual Studio Version 17
VisualStudioVersion = 17.6.33815.320
MinimumVisualStudioVersion = 10.0.40219.1
Project("{FAE04EC0-301F-11D3-BF4B-00C04F79EFBC}") = "Homework02", "Homework02\Homework02.csproj", "{3C04EFCF-9831-4DB0-80E3-85B8674615A7}"
EndProject
Global
	GlobalSection(SolutionConfigurationPlatforms) = preSolution
		Debug|Any CPU = Debug|Any CPU
		Release|Any CPU = Release|Any CPU
	EndGlobalSection
	GlobalSection(ProjectConfigurationPlatforms) = postSolution
		{3C04EFCF-9831-4DB0-80E3-85B8674615A7}.Debug|Any CPU.ActiveCfg = Debug|Any CPU
		{3C04EFCF-9831-4DB0-80E3-85B8674615A7}.Debug|Any CPU.Build.0 = Debug|Any CPU
		{3C04EFCF-9831-4DB0-80E3-85B8674615A7}.Release|Any CPU.ActiveCfg = Release|Any CPU
		{3C04EFCF-9831-4DB0-80E3-85B8674615A7}.Release|Any CPU.Build.0 = Release|Any CPU
	EndGlobalSection
	GlobalSection(SolutionProperties) = preSolution
		HideSolutionNode = FALSE
	EndGlobalSection
	GlobalSection(ExtensibilityGlobals) = postSolution
		SolutionGuid = {D2DED0D2-997E-4332-AA7D-8A9694097101}
	EndGlobalSection
EndGlobal
